
Microsoft Visual Studio Solution File, Format Version 12.00
# Visual Studio Version 16
VisualStudioVersion = 16.0.31624.102
MinimumVisualStudioVersion = 10.0.40219.1
Project("{FAE04EC0-301F-11D3-BF4B-00C04F79EFBC}") = "senai_inlock_webAPI", "senai_inlock_webAPI\senai_inlock_webAPI.csproj", "{ED6C0801-04A1-4869-A447-A1FF790947A8}"
EndProject
Global
	GlobalSection(SolutionConfigurationPlatforms) = preSolution
		Debug|Any CPU = Debug|Any CPU
		Release|Any CPU = Release|Any CPU
	EndGlobalSection
	GlobalSection(ProjectConfigurationPlatforms) = postSolution
		{ED6C0801-04A1-4869-A447-A1FF790947A8}.Debug|Any CPU.ActiveCfg = Debug|Any CPU
		{ED6C0801-04A1-4869-A447-A1FF790947A8}.Debug|Any CPU.Build.0 = Debug|Any CPU
		{ED6C0801-04A1-4869-A447-A1FF790947A8}.Release|Any CPU.ActiveCfg = Release|Any CPU
		{ED6C0801-04A1-4869-A447-A1FF790947A8}.Release|Any CPU.Build.0 = Release|Any CPU
	EndGlobalSection
	GlobalSection(SolutionProperties) = preSolution
		HideSolutionNode = FALSE
	EndGlobalSection
	GlobalSection(ExtensibilityGlobals) = postSolution
		SolutionGuid = {86810317-B434-434A-BEC1-59076BE7ED60}
	EndGlobalSection
EndGlobal
